
Microsoft Visual Studio Solution File, Format Version 12.00
# Visual Studio Version 17
VisualStudioVersion = 17.5.002.0
MinimumVisualStudioVersion = 10.0.40219.1
Project("{2150E333-8FDC-42A3-9474-1A3956D46DE8}") = "research", "research", "{128C636B-5B89-4EF1-8CF0-EF44F06B1FC4}"
EndProject
Project("{2150E333-8FDC-42A3-9474-1A3956D46DE8}") = "semantic_kernel", "semantic_kernel", "{CC2B6826-47A1-4056-83B6-8ABF631AA31C}"
EndProject
Project("{2150E333-8FDC-42A3-9474-1A3956D46DE8}") = "dotnet", "dotnet", "{8D63B86F-52DD-435D-8FB9-BF7DBF5A9425}"
EndProject
Project("{2150E333-8FDC-42A3-9474-1A3956D46DE8}") = "hello_world", "hello_world", "{992911B8-D54C-4954-AAD4-4905C2578012}"
EndProject
Project("{9A19103F-16F7-4668-BE54-9A1E7A4F7556}") = "hello_world", "research\semantic_kernel\dotnet\hello_world\hello_world\hello_world.csproj", "{CD2F827C-D749-4B8B-9B6E-76D90682C618}"
EndProject
Global
	GlobalSection(SolutionConfigurationPlatforms) = preSolution
		Debug|Any CPU = Debug|Any CPU
		Release|Any CPU = Release|Any CPU
	EndGlobalSection
	GlobalSection(ProjectConfigurationPlatforms) = postSolution
		{CD2F827C-D749-4B8B-9B6E-76D90682C618}.Debug|Any CPU.ActiveCfg = Debug|Any CPU
		{CD2F827C-D749-4B8B-9B6E-76D90682C618}.Debug|Any CPU.Build.0 = Debug|Any CPU
		{CD2F827C-D749-4B8B-9B6E-76D90682C618}.Release|Any CPU.ActiveCfg = Release|Any CPU
		{CD2F827C-D749-4B8B-9B6E-76D90682C618}.Release|Any CPU.Build.0 = Release|Any CPU
	EndGlobalSection
	GlobalSection(SolutionProperties) = preSolution
		HideSolutionNode = FALSE
	EndGlobalSection
	GlobalSection(NestedProjects) = preSolution
		{CC2B6826-47A1-4056-83B6-8ABF631AA31C} = {128C636B-5B89-4EF1-8CF0-EF44F06B1FC4}
		{8D63B86F-52DD-435D-8FB9-BF7DBF5A9425} = {CC2B6826-47A1-4056-83B6-8ABF631AA31C}
		{992911B8-D54C-4954-AAD4-4905C2578012} = {8D63B86F-52DD-435D-8FB9-BF7DBF5A9425}
		{CD2F827C-D749-4B8B-9B6E-76D90682C618} = {992911B8-D54C-4954-AAD4-4905C2578012}
	EndGlobalSection
	GlobalSection(ExtensibilityGlobals) = postSolution
		SolutionGuid = {8BAF006C-9349-4053-B27F-0ECA772B6625}
	EndGlobalSection
EndGlobal
