
Microsoft Visual Studio Solution File, Format Version 12.00
# Visual Studio Version 17
VisualStudioVersion = 17.5.002.0
MinimumVisualStudioVersion = 10.0.40219.1
Project("{9A19103F-16F7-4668-BE54-9A1E7A4F7556}") = "hello_world", "hello_world\hello_world\hello_world.csproj", "{CD3D9CDD-53A2-468F-8C9A-5A02D084057F}"
EndProject
Project("{9A19103F-16F7-4668-BE54-9A1E7A4F7556}") = "kernel_internet_search", "kernel_internet_search\kernel_internet_search.csproj", "{3803F799-83A1-4FD4-97B9-BB5FAE330A9C}"
EndProject
Global
	GlobalSection(SolutionConfigurationPlatforms) = preSolution
		Debug|Any CPU = Debug|Any CPU
		Release|Any CPU = Release|Any CPU
	EndGlobalSection
	GlobalSection(ProjectConfigurationPlatforms) = postSolution
		{CD3D9CDD-53A2-468F-8C9A-5A02D084057F}.Debug|Any CPU.ActiveCfg = Debug|Any CPU
		{CD3D9CDD-53A2-468F-8C9A-5A02D084057F}.Debug|Any CPU.Build.0 = Debug|Any CPU
		{CD3D9CDD-53A2-468F-8C9A-5A02D084057F}.Release|Any CPU.ActiveCfg = Release|Any CPU
		{CD3D9CDD-53A2-468F-8C9A-5A02D084057F}.Release|Any CPU.Build.0 = Release|Any CPU
		{3803F799-83A1-4FD4-97B9-BB5FAE330A9C}.Debug|Any CPU.ActiveCfg = Debug|Any CPU
		{3803F799-83A1-4FD4-97B9-BB5FAE330A9C}.Debug|Any CPU.Build.0 = Debug|Any CPU
		{3803F799-83A1-4FD4-97B9-BB5FAE330A9C}.Release|Any CPU.ActiveCfg = Release|Any CPU
		{3803F799-83A1-4FD4-97B9-BB5FAE330A9C}.Release|Any CPU.Build.0 = Release|Any CPU
	EndGlobalSection
	GlobalSection(SolutionProperties) = preSolution
		HideSolutionNode = FALSE
	EndGlobalSection
EndGlobal
